
Microsoft Visual Studio Solution File, Format Version 12.00
# Visual Studio 2013
VisualStudioVersion = 12.0.30723.0
MinimumVisualStudioVersion = 10.0.40219.1
Project("{FAE04EC0-301F-11D3-BF4B-00C04F79EFBC}") = "Smail", "Smail\Smail.csproj", "{ADFB1C61-1C47-4B3E-9084-530B32901ACD}"
EndProject
Global
	GlobalSection(SolutionConfigurationPlatforms) = preSolution
		Debug|Any CPU = Debug|Any CPU
		Release|Any CPU = Release|Any CPU
	EndGlobalSection
	GlobalSection(ProjectConfigurationPlatforms) = postSolution
		{ADFB1C61-1C47-4B3E-9084-530B32901ACD}.Debug|Any CPU.ActiveCfg = Debug|Any CPU
		{ADFB1C61-1C47-4B3E-9084-530B32901ACD}.Debug|Any CPU.Build.0 = Debug|Any CPU
		{ADFB1C61-1C47-4B3E-9084-530B32901ACD}.Release|Any CPU.ActiveCfg = Release|Any CPU
		{ADFB1C61-1C47-4B3E-9084-530B32901ACD}.Release|Any CPU.Build.0 = Release|Any CPU
	EndGlobalSection
	GlobalSection(SolutionProperties) = preSolution
		HideSolutionNode = FALSE
	EndGlobalSection
EndGlobal
